
Microsoft Visual Studio Solution File, Format Version 12.00
# Visual Studio Version 16
VisualStudioVersion = 16.0.30717.126
MinimumVisualStudioVersion = 10.0.40219.1
Project("{E24C65DC-7377-472B-9ABA-BC803B73C61A}") = "website", ".", "{EA90BDAA-6FB5-46A1-8988-4E5C99DC3598}"
	ProjectSection(WebsiteProperties) = preProject
		TargetFrameworkMoniker = ".NETFramework,Version%3Dv4.0"
		Debug.AspNetCompiler.VirtualPath = "/localhost_62529"
		Debug.AspNetCompiler.PhysicalPath = "..\website\"
		Debug.AspNetCompiler.TargetPath = "PrecompiledWeb\localhost_62529\"
		Debug.AspNetCompiler.Updateable = "true"
		Debug.AspNetCompiler.ForceOverwrite = "true"
		Debug.AspNetCompiler.FixedNames = "false"
		Debug.AspNetCompiler.Debug = "True"
		Release.AspNetCompiler.VirtualPath = "/localhost_62529"
		Release.AspNetCompiler.PhysicalPath = "..\website\"
		Release.AspNetCompiler.TargetPath = "PrecompiledWeb\localhost_62529\"
		Release.AspNetCompiler.Updateable = "true"
		Release.AspNetCompiler.ForceOverwrite = "true"
		Release.AspNetCompiler.FixedNames = "false"
		Release.AspNetCompiler.Debug = "False"
		VWDPort = "62529"
		SlnRelativePath = "..\website\"
	EndProjectSection
EndProject
Global
	GlobalSection(SolutionConfigurationPlatforms) = preSolution
		Debug|Any CPU = Debug|Any CPU
	EndGlobalSection
	GlobalSection(ProjectConfigurationPlatforms) = postSolution
		{EA90BDAA-6FB5-46A1-8988-4E5C99DC3598}.Debug|Any CPU.ActiveCfg = Debug|Any CPU
		{EA90BDAA-6FB5-46A1-8988-4E5C99DC3598}.Debug|Any CPU.Build.0 = Debug|Any CPU
	EndGlobalSection
	GlobalSection(SolutionProperties) = preSolution
		HideSolutionNode = FALSE
	EndGlobalSection
	GlobalSection(ExtensibilityGlobals) = postSolution
		SolutionGuid = {AD62D83A-554A-4205-A09D-780FC4172C07}
	EndGlobalSection
EndGlobal
